// !$*UTF8*$!
{
	archiveVersion = 1;
	classes = {
	};
	objectVersion = 56;
	objects = {

/* Begin PBXBuildFile section */
		C87742FB2ACC5F4F00719108 /* AppDelegate.swift in Sources */ = {isa = PBXBuildFile; fileRef = C87742FA2ACC5F4F00719108 /* AppDelegate.swift */; };
		C87742FD2ACC5F4F00719108 /* SceneDelegate.swift in Sources */ = {isa = PBXBuildFile; fileRef = C87742FC2ACC5F4F00719108 /* SceneDelegate.swift */; };
		C87742FF2ACC5F4F00719108 /* ViewController.swift in Sources */ = {isa = PBXBuildFile; fileRef = C87742FE2ACC5F4F00719108 /* ViewController.swift */; };
		C87743022ACC5F4F00719108 /* Main.storyboard in Resources */ = {isa = PBXBuildFile; fileRef = C87743002ACC5F4F00719108 /* Main.storyboard */; };
		C87743052ACC5F4F00719108 /* clickerGameStoreAvila.xcdatamodeld in Sources */ = {isa = PBXBuildFile; fileRef = C87743032ACC5F4F00719108 /* clickerGameStoreAvila.xcdatamodeld */; };
		C87743072ACC5F5100719108 /* Assets.xcassets in Resources */ = {isa = PBXBuildFile; fileRef = C87743062ACC5F5100719108 /* Assets.xcassets */; };
		C877430A2ACC5F5100719108 /* LaunchScreen.storyboard in Resources */ = {isa = PBXBuildFile; fileRef = C87743082ACC5F5100719108 /* LaunchScreen.storyboard */; };
		C87743152ACC5F5100719108 /* clickerGameStoreAvilaTests.swift in Sources */ = {isa = PBXBuildFile; fileRef = C87743142ACC5F5100719108 /* clickerGameStoreAvilaTests.swift */; };
		C877431F2ACC5F5100719108 /* clickerGameStoreAvilaUITests.swift in Sources */ = {isa = PBXBuildFile; fileRef = C877431E2ACC5F5100719108 /* clickerGameStoreAvilaUITests.swift */; };
		C87743212ACC5F5100719108 /* clickerGameStoreAvilaUITestsLaunchTests.swift in Sources */ = {isa = PBXBuildFile; fileRef = C87743202ACC5F5100719108 /* clickerGameStoreAvilaUITestsLaunchTests.swift */; };
		C8C29A2D2ACD0D2E00883F28 /* ViewController2.swift in Sources */ = {isa = PBXBuildFile; fileRef = C8C29A2C2ACD0D2E00883F28 /* ViewController2.swift */; };
/* End PBXBuildFile section */

/* Begin PBXContainerItemProxy section */
		C87743112ACC5F5100719108 /* PBXContainerItemProxy */ = {
			isa = PBXContainerItemProxy;
			containerPortal = C87742EF2ACC5F4F00719108 /* Project object */;
			proxyType = 1;
			remoteGlobalIDString = C87742F62ACC5F4F00719108;
			remoteInfo = clickerGameStoreAvila;
		};
		C877431B2ACC5F5100719108 /* PBXContainerItemProxy */ = {
			isa = PBXContainerItemProxy;
			containerPortal = C87742EF2ACC5F4F00719108 /* Project object */;
			proxyType = 1;
			remoteGlobalIDString = C87742F62ACC5F4F00719108;
			remoteInfo = clickerGameStoreAvila;
		};
/* End PBXContainerItemProxy section */

/* Begin PBXFileReference section */
		C87742F72ACC5F4F00719108 /* clickerGameStoreAvila.app */ = {isa = PBXFileReference; explicitFileType = wrapper.application; includeInIndex = 0; path = clickerGameStoreAvila.app; sourceTree = BUILT_PRODUCTS_DIR; };
		C87742FA2ACC5F4F00719108 /* AppDelegate.swift */ = {isa = PBXFileReference; lastKnownFileType = sourcecode.swift; path = AppDelegate.swift; sourceTree = "<group>"; };
		C87742FC2ACC5F4F00719108 /* SceneDelegate.swift */ = {isa = PBXFileReference; lastKnownFileType = sourcecode.swift; path = SceneDelegate.swift; sourceTree = "<group>"; };
		C87742FE2ACC5F4F00719108 /* ViewController.swift */ = {isa = PBXFileReference; lastKnownFileType = sourcecode.swift; path = ViewController.swift; sourceTree = "<group>"; };
		C87743012ACC5F4F00719108 /* Base */ = {isa = PBXFileReference; lastKnownFileType = file.storyboard; name = Base; path = Base.lproj/Main.storyboard; sourceTree = "<group>"; };
		C87743042ACC5F4F00719108 /* clickerGameStoreAvila.xcdatamodel */ = {isa = PBXFileReference; lastKnownFileType = wrapper.xcdatamodel; path = clickerGameStoreAvila.xcdatamodel; sourceTree = "<group>"; };
		C87743062ACC5F5100719108 /* Assets.xcassets */ = {isa = PBXFileReference; lastKnownFileType = folder.assetcatalog; path = Assets.xcassets; sourceTree = "<group>"; };
		C87743092ACC5F5100719108 /* Base */ = {isa = PBXFileReference; lastKnownFileType = file.storyboard; name = Base; path = Base.lproj/LaunchScreen.storyboard; sourceTree = "<group>"; };
		C877430B2ACC5F5100719108 /* Info.plist */ = {isa = PBXFileReference; lastKnownFileType = text.plist.xml; path = Info.plist; sourceTree = "<group>"; };
		C87743102ACC5F5100719108 /* clickerGameStoreAvilaTests.xctest */ = {isa = PBXFileReference; explicitFileType = wrapper.cfbundle; includeInIndex = 0; path = clickerGameStoreAvilaTests.xctest; sourceTree = BUILT_PRODUCTS_DIR; };
		C87743142ACC5F5100719108 /* clickerGameStoreAvilaTests.swift */ = {isa = PBXFileReference; lastKnownFileType = sourcecode.swift; path = clickerGameStoreAvilaTests.swift; sourceTree = "<group>"; };
		C877431A2ACC5F5100719108 /* clickerGameStoreAvilaUITests.xctest */ = {isa = PBXFileReference; explicitFileType = wrapper.cfbundle; includeInIndex = 0; path = clickerGameStoreAvilaUITests.xctest; sourceTree = BUILT_PRODUCTS_DIR; };
		C877431E2ACC5F5100719108 /* clickerGameStoreAvilaUITests.swift */ = {isa = PBXFileReference; lastKnownFileType = sourcecode.swift; path = clickerGameStoreAvilaUITests.swift; sourceTree = "<group>"; };
		C87743202ACC5F5100719108 /* clickerGameStoreAvilaUITestsLaunchTests.swift */ = {isa = PBXFileReference; lastKnownFileType = sourcecode.swift; path = clickerGameStoreAvilaUITestsLaunchTests.swift; sourceTree = "<group>"; };
		C8C29A252ACD0C4800883F28 /* clickerGameStoreAvila-Bridging-Header.h */ = {isa = PBXFileReference; lastKnownFileType = sourcecode.c.h; path = "clickerGameStoreAvila-Bridging-Header.h"; sourceTree = "<group>"; };
		C8C29A2C2ACD0D2E00883F28 /* ViewController2.swift */ = {isa = PBXFileReference; lastKnownFileType = sourcecode.swift; path = ViewController2.swift; sourceTree = "<group>"; };
/* End PBXFileReference section */

/* Begin PBXFrameworksBuildPhase section */
		C87742F42ACC5F4F00719108 /* Frameworks */ = {
			isa = PBXFrameworksBuildPhase;
			buildActionMask = 2147483647;
			files = (
			);
			runOnlyForDeploymentPostprocessing = 0;
		};
		C877430D2ACC5F5100719108 /* Frameworks */ = {
			isa = PBXFrameworksBuildPhase;
			buildActionMask = 2147483647;
			files = (
			);
			runOnlyForDeploymentPostprocessing = 0;
		};
		C87743172ACC5F5100719108 /* Frameworks */ = {
			isa = PBXFrameworksBuildPhase;
			buildActionMask = 2147483647;
			files = (
			);
			runOnlyForDeploymentPostprocessing = 0;
		};
/* End PBXFrameworksBuildPhase section */

/* Begin PBXGroup section */
		C87742EE2ACC5F4F00719108 = {
			isa = PBXGroup;
			children = (
				C87742F92ACC5F4F00719108 /* clickerGameStoreAvila */,
				C87743132ACC5F5100719108 /* clickerGameStoreAvilaTests */,
				C877431D2ACC5F5100719108 /* clickerGameStoreAvilaUITests */,
				C87742F82ACC5F4F00719108 /* Products */,
				C8C29A252ACD0C4800883F28 /* clickerGameStoreAvila-Bridging-Header.h */,
			);
			sourceTree = "<group>";
		};
		C87742F82ACC5F4F00719108 /* Products */ = {
			isa = PBXGroup;
			children = (
				C87742F72ACC5F4F00719108 /* clickerGameStoreAvila.app */,
				C87743102ACC5F5100719108 /* clickerGameStoreAvilaTests.xctest */,
				C877431A2ACC5F5100719108 /* clickerGameStoreAvilaUITests.xctest */,
			);
			name = Products;
			sourceTree = "<group>";
		};
		C87742F92ACC5F4F00719108 /* clickerGameStoreAvila */ = {
			isa = PBXGroup;
			children = (
				C87742FA2ACC5F4F00719108 /* AppDelegate.swift */,
				C87742FC2ACC5F4F00719108 /* SceneDelegate.swift */,
				C87742FE2ACC5F4F00719108 /* ViewController.swift */,
				C8C29A2C2ACD0D2E00883F28 /* ViewController2.swift */,
				C87743002ACC5F4F00719108 /* Main.storyboard */,
				C87743062ACC5F5100719108 /* Assets.xcassets */,
				C87743082ACC5F5100719108 /* LaunchScreen.storyboard */,
				C877430B2ACC5F5100719108 /* Info.plist */,
				C87743032ACC5F4F00719108 /* clickerGameStoreAvila.xcdatamodeld */,
			);
			path = clickerGameStoreAvila;
			sourceTree = "<group>";
		};
		C87743132ACC5F5100719108 /* clickerGameStoreAvilaTests */ = {
			isa = PBXGroup;
			children = (
				C87743142ACC5F5100719108 /* clickerGameStoreAvilaTests.swift */,
			);
			path = clickerGameStoreAvilaTests;
			sourceTree = "<group>";
		};
		C877431D2ACC5F5100719108 /* clickerGameStoreAvilaUITests */ = {
			isa = PBXGroup;
			children = (
				C877431E2ACC5F5100719108 /* clickerGameStoreAvilaUITests.swift */,
				C87743202ACC5F5100719108 /* clickerGameStoreAvilaUITestsLaunchTests.swift */,
			);
			path = clickerGameStoreAvilaUITests;
			sourceTree = "<group>";
		};
/* End PBXGroup section */

/* Begin PBXNativeTarget section */
		C87742F62ACC5F4F00719108 /* clickerGameStoreAvila */ = {
			isa = PBXNativeTarget;
			buildConfigurationList = C87743242ACC5F5100719108 /* Build configuration list for PBXNativeTarget "clickerGameStoreAvila" */;
			buildPhases = (
				C87742F32ACC5F4F00719108 /* Sources */,
				C87742F42ACC5F4F00719108 /* Frameworks */,
				C87742F52ACC5F4F00719108 /* Resources */,
			);
			buildRules = (
			);
			dependencies = (
			);
			name = clickerGameStoreAvila;
			productName = clickerGameStoreAvila;
			productReference = C87742F72ACC5F4F00719108 /* clickerGameStoreAvila.app */;
			productType = "com.apple.product-type.application";
		};
		C877430F2ACC5F5100719108 /* clickerGameStoreAvilaTests */ = {
			isa = PBXNativeTarget;
			buildConfigurationList = C87743272ACC5F5100719108 /* Build configuration list for PBXNativeTarget "clickerGameStoreAvilaTests" */;
			buildPhases = (
				C877430C2ACC5F5100719108 /* Sources */,
				C877430D2ACC5F5100719108 /* Frameworks */,
				C877430E2ACC5F5100719108 /* Resources */,
			);
			buildRules = (
			);
			dependencies = (
				C87743122ACC5F5100719108 /* PBXTargetDependency */,
			);
			name = clickerGameStoreAvilaTests;
			productName = clickerGameStoreAvilaTests;
			productReference = C87743102ACC5F5100719108 /* clickerGameStoreAvilaTests.xctest */;
			productType = "com.apple.product-type.bundle.unit-test";
		};
		C87743192ACC5F5100719108 /* clickerGameStoreAvilaUITests */ = {
			isa = PBXNativeTarget;
			buildConfigurationList = C877432A2ACC5F5100719108 /* Build configuration list for PBXNativeTarget "clickerGameStoreAvilaUITests" */;
			buildPhases = (
				C87743162ACC5F5100719108 /* Sources */,
				C87743172ACC5F5100719108 /* Frameworks */,
				C87743182ACC5F5100719108 /* Resources */,
			);
			buildRules = (
			);
			dependencies = (
				C877431C2ACC5F5100719108 /* PBXTargetDependency */,
			);
			name = clickerGameStoreAvilaUITests;
			productName = clickerGameStoreAvilaUITests;
			productReference = C877431A2ACC5F5100719108 /* clickerGameStoreAvilaUITests.xctest */;
			productType = "com.apple.product-type.bundle.ui-testing";
		};
/* End PBXNativeTarget section */

/* Begin PBXProject section */
		C87742EF2ACC5F4F00719108 /* Project object */ = {
			isa = PBXProject;
			attributes = {
				BuildIndependentTargetsInParallel = 1;
				LastSwiftUpdateCheck = 1430;
				LastUpgradeCheck = 1430;
				TargetAttributes = {
					C87742F62ACC5F4F00719108 = {
						CreatedOnToolsVersion = 14.3.1;
						LastSwiftMigration = 1500;
					};
					C877430F2ACC5F5100719108 = {
						CreatedOnToolsVersion = 14.3.1;
						TestTargetID = C87742F62ACC5F4F00719108;
					};
					C87743192ACC5F5100719108 = {
						CreatedOnToolsVersion = 14.3.1;
						TestTargetID = C87742F62ACC5F4F00719108;
					};
				};
			};
			buildConfigurationList = C87742F22ACC5F4F00719108 /* Build configuration list for PBXProject "clickerGameStoreAvila" */;
			compatibilityVersion = "Xcode 14.0";
			developmentRegion = en;
			hasScannedForEncodings = 0;
			knownRegions = (
				en,
				Base,
			);
			mainGroup = C87742EE2ACC5F4F00719108;
			productRefGroup = C87742F82ACC5F4F00719108 /* Products */;
			projectDirPath = "";
			projectRoot = "";
			targets = (
				C87742F62ACC5F4F00719108 /* clickerGameStoreAvila */,
				C877430F2ACC5F5100719108 /* clickerGameStoreAvilaTests */,
				C87743192ACC5F5100719108 /* clickerGameStoreAvilaUITests */,
			);
		};
/* End PBXProject section */

/* Begin PBXResourcesBuildPhase section */
		C87742F52ACC5F4F00719108 /* Resources */ = {
			isa = PBXResourcesBuildPhase;
			buildActionMask = 2147483647;
			files = (
				C877430A2ACC5F5100719108 /* LaunchScreen.storyboard in Resources */,
				C87743072ACC5F5100719108 /* Assets.xcassets in Resources */,
				C87743022ACC5F4F00719108 /* Main.storyboard in Resources */,
			);
			runOnlyForDeploymentPostprocessing = 0;
		};
		C877430E2ACC5F5100719108 /* Resources */ = {
			isa = PBXResourcesBuildPhase;
			buildActionMask = 2147483647;
			files = (
			);
			runOnlyForDeploymentPostprocessing = 0;
		};
		C87743182ACC5F5100719108 /* Resources */ = {
			isa = PBXResourcesBuildPhase;
			buildActionMask = 2147483647;
			files = (
			);
			runOnlyForDeploymentPostprocessing = 0;
		};
/* End PBXResourcesBuildPhase section */

/* Begin PBXSourcesBuildPhase section */
		C87742F32ACC5F4F00719108 /* Sources */ = {
			isa = PBXSourcesBuildPhase;
			buildActionMask = 2147483647;
			files = (
				C8C29A2D2ACD0D2E00883F28 /* ViewController2.swift in Sources */,
				C87742FF2ACC5F4F00719108 /* ViewController.swift in Sources */,
				C87742FB2ACC5F4F00719108 /* AppDelegate.swift in Sources */,
				C87742FD2ACC5F4F00719108 /* SceneDelegate.swift in Sources */,
				C87743052ACC5F4F00719108 /* clickerGameStoreAvila.xcdatamodeld in Sources */,
			);
			runOnlyForDeploymentPostprocessing = 0;
		};
		C877430C2ACC5F5100719108 /* Sources */ = {
			isa = PBXSourcesBuildPhase;
			buildActionMask = 2147483647;
			files = (
				C87743152ACC5F5100719108 /* clickerGameStoreAvilaTests.swift in Sources */,
			);
			runOnlyForDeploymentPostprocessing = 0;
		};
		C87743162ACC5F5100719108 /* Sources */ = {
			isa = PBXSourcesBuildPhase;
			buildActionMask = 2147483647;
			files = (
				C87743212ACC5F5100719108 /* clickerGameStoreAvilaUITestsLaunchTests.swift in Sources */,
				C877431F2ACC5F5100719108 /* clickerGameStoreAvilaUITests.swift in Sources */,
			);
			runOnlyForDeploymentPostprocessing = 0;
		};
/* End PBXSourcesBuildPhase section */

/* Begin PBXTargetDependency section */
		C87743122ACC5F5100719108 /* PBXTargetDependency */ = {
			isa = PBXTargetDependency;
			target = C87742F62ACC5F4F00719108 /* clickerGameStoreAvila */;
			targetProxy = C87743112ACC5F5100719108 /* PBXContainerItemProxy */;
		};
		C877431C2ACC5F5100719108 /* PBXTargetDependency */ = {
			isa = PBXTargetDependency;
			target = C87742F62ACC5F4F00719108 /* clickerGameStoreAvila */;
			targetProxy = C877431B2ACC5F5100719108 /* PBXContainerItemProxy */;
		};
/* End PBXTargetDependency section */

/* Begin PBXVariantGroup section */
		C87743002ACC5F4F00719108 /* Main.storyboard */ = {
			isa = PBXVariantGroup;
			children = (
				C87743012ACC5F4F00719108 /* Base */,
			);
			name = Main.storyboard;
			sourceTree = "<group>";
		};
		C87743082ACC5F5100719108 /* LaunchScreen.storyboard */ = {
			isa = PBXVariantGroup;
			children = (
				C87743092ACC5F5100719108 /* Base */,
			);
			name = LaunchScreen.storyboard;
			sourceTree = "<group>";
		};
/* End PBXVariantGroup section */

/* Begin XCBuildConfiguration section */
		C87743222ACC5F5100719108 /* Debug */ = {
			isa = XCBuildConfiguration;
			buildSettings = {
				ALWAYS_SEARCH_USER_PATHS = NO;
				CLANG_ANALYZER_NONNULL = YES;
				CLANG_ANALYZER_NUMBER_OBJECT_CONVERSION = YES_AGGRESSIVE;
				CLANG_CXX_LANGUAGE_STANDARD = "gnu++20";
				CLANG_ENABLE_MODULES = YES;
				CLANG_ENABLE_OBJC_ARC = YES;
				CLANG_ENABLE_OBJC_WEAK = YES;
				CLANG_WARN_BLOCK_CAPTURE_AUTORELEASING = YES;
				CLANG_WARN_BOOL_CONVERSION = YES;
				CLANG_WARN_COMMA = YES;
				CLANG_WARN_CONSTANT_CONVERSION = YES;
				CLANG_WARN_DEPRECATED_OBJC_IMPLEMENTATIONS = YES;
				CLANG_WARN_DIRECT_OBJC_ISA_USAGE = YES_ERROR;
				CLANG_WARN_DOCUMENTATION_COMMENTS = YES;
				CLANG_WARN_EMPTY_BODY = YES;
				CLANG_WARN_ENUM_CONVERSION = YES;
				CLANG_WARN_INFINITE_RECURSION = YES;
				CLANG_WARN_INT_CONVERSION = YES;
				CLANG_WARN_NON_LITERAL_NULL_CONVERSION = YES;
				CLANG_WARN_OBJC_IMPLICIT_RETAIN_SELF = YES;
				CLANG_WARN_OBJC_LITERAL_CONVERSION = YES;
				CLANG_WARN_OBJC_ROOT_CLASS = YES_ERROR;
				CLANG_WARN_QUOTED_INCLUDE_IN_FRAMEWORK_HEADER = YES;
				CLANG_WARN_RANGE_LOOP_ANALYSIS = YES;
				CLANG_WARN_STRICT_PROTOTYPES = YES;
				CLANG_WARN_SUSPICIOUS_MOVE = YES;
				CLANG_WARN_UNGUARDED_AVAILABILITY = YES_AGGRESSIVE;
				CLANG_WARN_UNREACHABLE_CODE = YES;
				CLANG_WARN__DUPLICATE_METHOD_MATCH = YES;
				COPY_PHASE_STRIP = NO;
				DEBUG_INFORMATION_FORMAT = dwarf;
				ENABLE_STRICT_OBJC_MSGSEND = YES;
				ENABLE_TESTABILITY = YES;
				GCC_C_LANGUAGE_STANDARD = gnu11;
				GCC_DYNAMIC_NO_PIC = NO;
				GCC_NO_COMMON_BLOCKS = YES;
				GCC_OPTIMIZATION_LEVEL = 0;
				GCC_PREPROCESSOR_DEFINITIONS = (
					"DEBUG=1",
					"$(inherited)",
				);
				GCC_WARN_64_TO_32_BIT_CONVERSION = YES;
				GCC_WARN_ABOUT_RETURN_TYPE = YES_ERROR;
				GCC_WARN_UNDECLARED_SELECTOR = YES;
				GCC_WARN_UNINITIALIZED_AUTOS = YES_AGGRESSIVE;
				GCC_WARN_UNUSED_FUNCTION = YES;
				GCC_WARN_UNUSED_VARIABLE = YES;
				IPHONEOS_DEPLOYMENT_TARGET = 16.4;
				MTL_ENABLE_DEBUG_INFO = INCLUDE_SOURCE;
				MTL_FAST_MATH = YES;
				ONLY_ACTIVE_ARCH = YES;
				SDKROOT = iphoneos;
				SWIFT_ACTIVE_COMPILATION_CONDITIONS = DEBUG;
				SWIFT_OPTIMIZATION_LEVEL = "-Onone";
			};
			name = Debug;
		};
		C87743232ACC5F5100719108 /* Release */ = {
			isa = XCBuildConfiguration;
			buildSettings = {
				ALWAYS_SEARCH_USER_PATHS = NO;
				CLANG_ANALYZER_NONNULL = YES;
				CLANG_ANALYZER_NUMBER_OBJECT_CONVERSION = YES_AGGRESSIVE;
				CLANG_CXX_LANGUAGE_STANDARD = "gnu++20";
				CLANG_ENABLE_MODULES = YES;
				CLANG_ENABLE_OBJC_ARC = YES;
				CLANG_ENABLE_OBJC_WEAK = YES;
				CLANG_WARN_BLOCK_CAPTURE_AUTORELEASING = YES;
				CLANG_WARN_BOOL_CONVERSION = YES;
				CLANG_WARN_COMMA = YES;
				CLANG_WARN_CONSTANT_CONVERSION = YES;
				CLANG_WARN_DEPRECATED_OBJC_IMPLEMENTATIONS = YES;
				CLANG_WARN_DIRECT_OBJC_ISA_USAGE = YES_ERROR;
				CLANG_WARN_DOCUMENTATION_COMMENTS = YES;
				CLANG_WARN_EMPTY_BODY = YES;
				CLANG_WARN_ENUM_CONVERSION = YES;
				CLANG_WARN_INFINITE_RECURSION = YES;
				CLANG_WARN_INT_CONVERSION = YES;
				CLANG_WARN_NON_LITERAL_NULL_CONVERSION = YES;
				CLANG_WARN_OBJC_IMPLICIT_RETAIN_SELF = YES;
				CLANG_WARN_OBJC_LITERAL_CONVERSION = YES;
				CLANG_WARN_OBJC_ROOT_CLASS = YES_ERROR;
				CLANG_WARN_QUOTED_INCLUDE_IN_FRAMEWORK_HEADER = YES;
				CLANG_WARN_RANGE_LOOP_ANALYSIS = YES;
				CLANG_WARN_STRICT_PROTOTYPES = YES;
				CLANG_WARN_SUSPICIOUS_MOVE = YES;
				CLANG_WARN_UNGUARDED_AVAILABILITY = YES_AGGRESSIVE;
				CLANG_WARN_UNREACHABLE_CODE = YES;
				CLANG_WARN__DUPLICATE_METHOD_MATCH = YES;
				COPY_PHASE_STRIP = NO;
				DEBUG_INFORMATION_FORMAT = "dwarf-with-dsym";
				ENABLE_NS_ASSERTIONS = NO;
				ENABLE_STRICT_OBJC_MSGSEND = YES;
				GCC_C_LANGUAGE_STANDARD = gnu11;
				GCC_NO_COMMON_BLOCKS = YES;
				GCC_WARN_64_TO_32_BIT_CONVERSION = YES;
				GCC_WARN_ABOUT_RETURN_TYPE = YES_ERROR;
				GCC_WARN_UNDECLARED_SELECTOR = YES;
				GCC_WARN_UNINITIALIZED_AUTOS = YES_AGGRESSIVE;
				GCC_WARN_UNUSED_FUNCTION = YES;
				GCC_WARN_UNUSED_VARIABLE = YES;
				IPHONEOS_DEPLOYMENT_TARGET = 16.4;
				MTL_ENABLE_DEBUG_INFO = NO;
				MTL_FAST_MATH = YES;
				SDKROOT = iphoneos;
				SWIFT_COMPILATION_MODE = wholemodule;
				SWIFT_OPTIMIZATION_LEVEL = "-O";
				VALIDATE_PRODUCT = YES;
			};
			name = Release;
		};
		C87743252ACC5F5100719108 /* Debug */ = {
			isa = XCBuildConfiguration;
			buildSettings = {
				ASSETCATALOG_COMPILER_APPICON_NAME = AppIcon;
				ASSETCATALOG_COMPILER_GLOBAL_ACCENT_COLOR_NAME = AccentColor;
				CLANG_ENABLE_MODULES = YES;
				CODE_SIGN_STYLE = Automatic;
				CURRENT_PROJECT_VERSION = 1;
				DEVELOPMENT_TEAM = U4GPKHMJ2U;
				GENERATE_INFOPLIST_FILE = YES;
				INFOPLIST_FILE = clickerGameStoreAvila/Info.plist;
				INFOPLIST_KEY_UIApplicationSupportsIndirectInputEvents = YES;
				INFOPLIST_KEY_UILaunchStoryboardName = LaunchScreen;
				INFOPLIST_KEY_UIMainStoryboardFile = Main;
				INFOPLIST_KEY_UISupportedInterfaceOrientations_iPad = "UIInterfaceOrientationPortrait UIInterfaceOrientationPortraitUpsideDown UIInterfaceOrientationLandscapeLeft UIInterfaceOrientationLandscapeRight";
				INFOPLIST_KEY_UISupportedInterfaceOrientations_iPhone = "UIInterfaceOrientationPortrait UIInterfaceOrientationLandscapeLeft UIInterfaceOrientationLandscapeRight";
				LD_RUNPATH_SEARCH_PATHS = (
					"$(inherited)",
					"@executable_path/Frameworks",
				);
				MARKETING_VERSION = 1.0;
				PRODUCT_BUNDLE_IDENTIFIER = clc.clickerGameStoreAvila;
				PRODUCT_NAME = "$(TARGET_NAME)";
				SWIFT_EMIT_LOC_STRINGS = YES;
				SWIFT_OBJC_BRIDGING_HEADER = "clickerGameStoreAvila-Bridging-Header.h";
				SWIFT_OPTIMIZATION_LEVEL = "-Onone";
				SWIFT_VERSION = 5.0;
				TARGETED_DEVICE_FAMILY = "1,2";
			};
			name = Debug;
		};
		C87743262ACC5F5100719108 /* Release */ = {
			isa = XCBuildConfiguration;
			buildSettings = {
				ASSETCATALOG_COMPILER_APPICON_NAME = AppIcon;
				ASSETCATALOG_COMPILER_GLOBAL_ACCENT_COLOR_NAME = AccentColor;
				CLANG_ENABLE_MODULES = YES;
				CODE_SIGN_STYLE = Automatic;
				CURRENT_PROJECT_VERSION = 1;
				DEVELOPMENT_TEAM = U4GPKHMJ2U;
				GENERATE_INFOPLIST_FILE = YES;
				INFOPLIST_FILE = clickerGameStoreAvila/Info.plist;
				INFOPLIST_KEY_UIApplicationSupportsIndirectInputEvents = YES;
				INFOPLIST_KEY_UILaunchStoryboardName = LaunchScreen;
				INFOPLIST_KEY_UIMainStoryboardFile = Main;
				INFOPLIST_KEY_UISupportedInterfaceOrientations_iPad = "UIInterfaceOrientationPortrait UIInterfaceOrientationPortraitUpsideDown UIInterfaceOrientationLandscapeLeft UIInterfaceOrientationLandscapeRight";
				INFOPLIST_KEY_UISupportedInterfaceOrientations_iPhone = "UIInterfaceOrientationPortrait UIInterfaceOrientationLandscapeLeft UIInterfaceOrientationLandscapeRight";
				LD_RUNPATH_SEARCH_PATHS = (
					"$(inherited)",
					"@executable_path/Frameworks",
				);
				MARKETING_VERSION = 1.0;
				PRODUCT_BUNDLE_IDENTIFIER = clc.clickerGameStoreAvila;
				PRODUCT_NAME = "$(TARGET_NAME)";
				SWIFT_EMIT_LOC_STRINGS = YES;
				SWIFT_OBJC_BRIDGING_HEADER = "clickerGameStoreAvila-Bridging-Header.h";
				SWIFT_VERSION = 5.0;
				TARGETED_DEVICE_FAMILY = "1,2";
			};
			name = Release;
		};
		C87743282ACC5F5100719108 /* Debug */ = {
			isa = XCBuildConfiguration;
			buildSettings = {
				ALWAYS_EMBED_SWIFT_STANDARD_LIBRARIES = YES;
				BUNDLE_LOADER = "$(TEST_HOST)";
				CODE_SIGN_STYLE = Automatic;
				CURRENT_PROJECT_VERSION = 1;
				DEVELOPMENT_TEAM = U4GPKHMJ2U;
				GENERATE_INFOPLIST_FILE = YES;
				IPHONEOS_DEPLOYMENT_TARGET = 16.4;
				MARKETING_VERSION = 1.0;
				PRODUCT_BUNDLE_IDENTIFIER = clc.clickerGameStoreAvilaTests;
				PRODUCT_NAME = "$(TARGET_NAME)";
				SWIFT_EMIT_LOC_STRINGS = NO;
				SWIFT_VERSION = 5.0;
				TARGETED_DEVICE_FAMILY = "1,2";
				TEST_HOST = "$(BUILT_PRODUCTS_DIR)/clickerGameStoreAvila.app/$(BUNDLE_EXECUTABLE_FOLDER_PATH)/clickerGameStoreAvila";
			};
			name = Debug;
		};
		C87743292ACC5F5100719108 /* Release */ = {
			isa = XCBuildConfiguration;
			buildSettings = {
				ALWAYS_EMBED_SWIFT_STANDARD_LIBRARIES = YES;
				BUNDLE_LOADER = "$(TEST_HOST)";
				CODE_SIGN_STYLE = Automatic;
				CURRENT_PROJECT_VERSION = 1;
				DEVELOPMENT_TEAM = U4GPKHMJ2U;
				GENERATE_INFOPLIST_FILE = YES;
				IPHONEOS_DEPLOYMENT_TARGET = 16.4;
				MARKETING_VERSION = 1.0;
				PRODUCT_BUNDLE_IDENTIFIER = clc.clickerGameStoreAvilaTests;
				PRODUCT_NAME = "$(TARGET_NAME)";
				SWIFT_EMIT_LOC_STRINGS = NO;
				SWIFT_VERSION = 5.0;
				TARGETED_DEVICE_FAMILY = "1,2";
				TEST_HOST = "$(BUILT_PRODUCTS_DIR)/clickerGameStoreAvila.app/$(BUNDLE_EXECUTABLE_FOLDER_PATH)/clickerGameStoreAvila";
			};
			name = Release;
		};
		C877432B2ACC5F5100719108 /* Debug */ = {
			isa = XCBuildConfiguration;
			buildSettings = {
				ALWAYS_EMBED_SWIFT_STANDARD_LIBRARIES = YES;
				CODE_SIGN_STYLE = Automatic;
				CURRENT_PROJECT_VERSION = 1;
				DEVELOPMENT_TEAM = U4GPKHMJ2U;
				GENERATE_INFOPLIST_FILE = YES;
				MARKETING_VERSION = 1.0;
				PRODUCT_BUNDLE_IDENTIFIER = clc.clickerGameStoreAvilaUITests;
				PRODUCT_NAME = "$(TARGET_NAME)";
				SWIFT_EMIT_LOC_STRINGS = NO;
				SWIFT_VERSION = 5.0;
				TARGETED_DEVICE_FAMILY = "1,2";
				TEST_TARGET_NAME = clickerGameStoreAvila;
			};
			name = Debug;
		};
		C877432C2ACC5F5100719108 /* Release */ = {
			isa = XCBuildConfiguration;
			buildSettings = {
				ALWAYS_EMBED_SWIFT_STANDARD_LIBRARIES = YES;
				CODE_SIGN_STYLE = Automatic;
				CURRENT_PROJECT_VERSION = 1;
				DEVELOPMENT_TEAM = U4GPKHMJ2U;
				GENERATE_INFOPLIST_FILE = YES;
				MARKETING_VERSION = 1.0;
				PRODUCT_BUNDLE_IDENTIFIER = clc.clickerGameStoreAvilaUITests;
				PRODUCT_NAME = "$(TARGET_NAME)";
				SWIFT_EMIT_LOC_STRINGS = NO;
				SWIFT_VERSION = 5.0;
				TARGETED_DEVICE_FAMILY = "1,2";
				TEST_TARGET_NAME = clickerGameStoreAvila;
			};
			name = Release;
		};
/* End XCBuildConfiguration section */

/* Begin XCConfigurationList section */
		C87742F22ACC5F4F00719108 /* Build configuration list for PBXProject "clickerGameStoreAvila" */ = {
			isa = XCConfigurationList;
			buildConfigurations = (
				C87743222ACC5F5100719108 /* Debug */,
				C87743232ACC5F5100719108 /* Release */,
			);
			defaultConfigurationIsVisible = 0;
			defaultConfigurationName = Release;
		};
		C87743242ACC5F5100719108 /* Build configuration list for PBXNativeTarget "clickerGameStoreAvila" */ = {
			isa = XCConfigurationList;
			buildConfigurations = (
				C87743252ACC5F5100719108 /* Debug */,
				C87743262ACC5F5100719108 /* Release */,
			);
			defaultConfigurationIsVisible = 0;
			defaultConfigurationName = Release;
		};
		C87743272ACC5F5100719108 /* Build configuration list for PBXNativeTarget "clickerGameStoreAvilaTests" */ = {
			isa = XCConfigurationList;
			buildConfigurations = (
				C87743282ACC5F5100719108 /* Debug */,
				C87743292ACC5F5100719108 /* Release */,
			);
			defaultConfigurationIsVisible = 0;
			defaultConfigurationName = Release;
		};
		C877432A2ACC5F5100719108 /* Build configuration list for PBXNativeTarget "clickerGameStoreAvilaUITests" */ = {
			isa = XCConfigurationList;
			buildConfigurations = (
				C877432B2ACC5F5100719108 /* Debug */,
				C877432C2ACC5F5100719108 /* Release */,
			);
			defaultConfigurationIsVisible = 0;
			defaultConfigurationName = Release;
		};
/* End XCConfigurationList section */

/* Begin XCVersionGroup section */
		C87743032ACC5F4F00719108 /* clickerGameStoreAvila.xcdatamodeld */ = {
			isa = XCVersionGroup;
			children = (
				C87743042ACC5F4F00719108 /* clickerGameStoreAvila.xcdatamodel */,
			);
			currentVersion = C87743042ACC5F4F00719108 /* clickerGameStoreAvila.xcdatamodel */;
			path = clickerGameStoreAvila.xcdatamodeld;
			sourceTree = "<group>";
			versionGroupType = wrapper.xcdatamodel;
		};
/* End XCVersionGroup section */
	};
	rootObject = C87742EF2ACC5F4F00719108 /* Project object */;
}
